Microsoft Visual Studio Solution File, Format Version 11.00
# Visual Studio 2008

Project("{7F65BC2F-DFFE-1212-3E77-26A0C83DBAEA}") = "Galaxy Vigilante2", "Assembly-CSharp-firstpass-vs.csproj", "{C459CC49-B8E5-4009-D5E8-5615C5A389F2}"
EndProject
Project("{7F65BC2F-DFFE-1212-3E77-26A0C83DBAEA}") = "Galaxy Vigilante2", "Assembly-CSharp-vs.csproj", "{9D87E9BD-D071-240E-6E22-2937E708542B}"
EndProject
Global
	GlobalSection(SolutionConfigurationPlatforms) = preSolution
		Debug|Any CPU = Debug|Any CPU
		Release|Any CPU = Release|Any CPU
	EndGlobalSection
	GlobalSection(ProjectConfigurationPlatforms) = postSolution
		{C459CC49-B8E5-4009-D5E8-5615C5A389F2}.Debug|Any CPU.ActiveCfg = Debug|Any CPU
		{C459CC49-B8E5-4009-D5E8-5615C5A389F2}.Debug|Any CPU.Build.0 = Debug|Any CPU
		{C459CC49-B8E5-4009-D5E8-5615C5A389F2}.Release|Any CPU.ActiveCfg = Release|Any CPU
		{C459CC49-B8E5-4009-D5E8-5615C5A389F2}.Release|Any CPU.Build.0 = Release|Any CPU
		{9D87E9BD-D071-240E-6E22-2937E708542B}.Debug|Any CPU.ActiveCfg = Debug|Any CPU
		{9D87E9BD-D071-240E-6E22-2937E708542B}.Debug|Any CPU.Build.0 = Debug|Any CPU
		{9D87E9BD-D071-240E-6E22-2937E708542B}.Release|Any CPU.ActiveCfg = Release|Any CPU
		{9D87E9BD-D071-240E-6E22-2937E708542B}.Release|Any CPU.Build.0 = Release|Any CPU
	EndGlobalSection
	GlobalSection(SolutionProperties) = preSolution
		HideSolutionNode = FALSE
	EndGlobalSection
			GlobalSection(MonoDevelopProperties) = preSolution
		StartupItem = Assembly-CSharp.csproj
		Policies = $0
		$0.TextStylePolicy = $1
		$1.inheritsSet = null
		$1.scope = text/x-csharp
		$0.CSharpFormattingPolicy = $2
		$2.inheritsSet = Mono
		$2.inheritsScope = text/x-csharp
		$2.scope = text/x-csharp
		$0.TextStylePolicy = $3
		$3.FileWidth = 120
		$3.TabWidth = 4
		$3.IndentWidth = 4
		$3.EolMarker = Unix
		$3.inheritsSet = Mono
		$3.inheritsScope = text/plain
		$3.scope = text/plain
	EndGlobalSection

EndGlobal
